
Microsoft Visual Studio Solution File, Format Version 12.00
# Visual Studio 15
Project("{FAE04EC0-301F-11D3-BF4B-00C04F79EFBC}") = "Assembly-CSharp", "Assembly-CSharp.csproj", "{15FD2C5B-F0BE-F5E9-164C-CDF7091E4600}"
EndProject
Project("{FAE04EC0-301F-11D3-BF4B-00C04F79EFBC}") = "Assembly-CSharp-Editor", "Assembly-CSharp-Editor.csproj", "{0B4ED7E1-C8F2-F7DB-00A3-B20D3DB278FF}"
EndProject
Global
	GlobalSection(SolutionConfigurationPlatforms) = preSolution
		Debug|Any CPU = Debug|Any CPU
		Release|Any CPU = Release|Any CPU
	EndGlobalSection
	GlobalSection(ProjectConfigurationPlatforms) = postSolution
		{15FD2C5B-F0BE-F5E9-164C-CDF7091E4600}.Debug|Any CPU.ActiveCfg = Debug|Any CPU
		{15FD2C5B-F0BE-F5E9-164C-CDF7091E4600}.Debug|Any CPU.Build.0 = Debug|Any CPU
		{15FD2C5B-F0BE-F5E9-164C-CDF7091E4600}.Release|Any CPU.ActiveCfg = Release|Any CPU
		{15FD2C5B-F0BE-F5E9-164C-CDF7091E4600}.Release|Any CPU.Build.0 = Release|Any CPU
		{0B4ED7E1-C8F2-F7DB-00A3-B20D3DB278FF}.Debug|Any CPU.ActiveCfg = Debug|Any CPU
		{0B4ED7E1-C8F2-F7DB-00A3-B20D3DB278FF}.Debug|Any CPU.Build.0 = Debug|Any CPU
		{0B4ED7E1-C8F2-F7DB-00A3-B20D3DB278FF}.Release|Any CPU.ActiveCfg = Release|Any CPU
		{0B4ED7E1-C8F2-F7DB-00A3-B20D3DB278FF}.Release|Any CPU.Build.0 = Release|Any CPU
	EndGlobalSection
	GlobalSection(SolutionProperties) = preSolution
		HideSolutionNode = FALSE
	EndGlobalSection
EndGlobal
